
Microsoft Visual Studio Solution File, Format Version 12.00
# Visual Studio 15
Project("{FAE04EC0-301F-11D3-BF4B-00C04F79EFBC}") = "reversedsort", "reversedsort\reversedsort.csproj", "{F285625B-40E9-456C-85E5-3D0635146DBF}"
EndProject
Global
	GlobalSection(SolutionConfigurationPlatforms) = preSolution
		Debug|anycpu = Debug|anycpu
		Release|anycpu = Release|anycpu
	EndGlobalSection
	GlobalSection(ProjectConfigurationPlatforms) = postSolution
		{F285625B-40E9-456C-85E5-3D0635146DBF}.Debug|anycpu.ActiveCfg = Debug|anycpu
		{F285625B-40E9-456C-85E5-3D0635146DBF}.Debug|anycpu.Build.0 = Debug|anycpu
		{F285625B-40E9-456C-85E5-3D0635146DBF}.Release|anycpu.ActiveCfg = Release|anycpu
		{F285625B-40E9-456C-85E5-3D0635146DBF}.Release|anycpu.Build.0 = Release|anycpu
	EndGlobalSection
EndGlobal
