
Microsoft Visual Studio Solution File, Format Version 12.00
# Visual Studio Version 16
VisualStudioVersion = 16.0.808.8
MinimumVisualStudioVersion = 10.0.40219.1
Project("{FAE04EC0-301F-11D3-BF4B-00C04F79EFBC}") = "Chaining", "Chaining\Chaining.csproj", "{59B1A09A-1887-485C-A18D-9E572E6AC7C0}"
EndProject
Global
	GlobalSection(SolutionConfigurationPlatforms) = preSolution
		Debug|anycpu = Debug|anycpu
		Release|anycpu = Release|anycpu
	EndGlobalSection
	GlobalSection(ProjectConfigurationPlatforms) = postSolution
		{59B1A09A-1887-485C-A18D-9E572E6AC7C0}.Debug|anycpu.ActiveCfg = Debug|anycpu
		{59B1A09A-1887-485C-A18D-9E572E6AC7C0}.Debug|anycpu.Build.0 = Debug|anycpu
		{59B1A09A-1887-485C-A18D-9E572E6AC7C0}.Release|anycpu.ActiveCfg = Release|anycpu
		{59B1A09A-1887-485C-A18D-9E572E6AC7C0}.Release|anycpu.Build.0 = Release|anycpu
	EndGlobalSection
	GlobalSection(SolutionProperties) = preSolution
		HideSolutionNode = FALSE
	EndGlobalSection
	GlobalSection(ExtensibilityGlobals) = postSolution
		SolutionGuid = {B9B97814-40A5-4071-ADEB-14F98D740794}
	EndGlobalSection
EndGlobal
