
Microsoft Visual Studio Solution File, Format Version 12.00
# Visual Studio 15
Project("{FAE04EC0-301F-11D3-BF4B-00C04F79EFBC}") = "Hanoi", "Hanoi\Hanoi.csproj", "{94885FCB-C045-443A-A3EC-764E389954FC}"
EndProject
Global
	GlobalSection(SolutionConfigurationPlatforms) = preSolution
		Debug|anycpu = Debug|anycpu
		Release|anycpu = Release|anycpu
	EndGlobalSection
	GlobalSection(ProjectConfigurationPlatforms) = postSolution
		{94885FCB-C045-443A-A3EC-764E389954FC}.Debug|anycpu.ActiveCfg = Debug|anycpu
		{94885FCB-C045-443A-A3EC-764E389954FC}.Debug|anycpu.Build.0 = Debug|anycpu
		{94885FCB-C045-443A-A3EC-764E389954FC}.Release|anycpu.ActiveCfg = Release|anycpu
		{94885FCB-C045-443A-A3EC-764E389954FC}.Release|anycpu.Build.0 = Release|anycpu
	EndGlobalSection
EndGlobal
