
Microsoft Visual Studio Solution File, Format Version 12.00
# Visual Studio 15
Project("{FAE04EC0-301F-11D3-BF4B-00C04F79EFBC}") = "Cykels", "Cykels\Cykels.csproj", "{8053F269-4152-4DFD-9C4C-608368625293}"
EndProject
Global
	GlobalSection(SolutionConfigurationPlatforms) = preSolution
		Debug|anycpu = Debug|anycpu
		Release|anycpu = Release|anycpu
	EndGlobalSection
	GlobalSection(ProjectConfigurationPlatforms) = postSolution
		{8053F269-4152-4DFD-9C4C-608368625293}.Debug|anycpu.ActiveCfg = Debug|anycpu
		{8053F269-4152-4DFD-9C4C-608368625293}.Debug|anycpu.Build.0 = Debug|anycpu
		{8053F269-4152-4DFD-9C4C-608368625293}.Release|anycpu.ActiveCfg = Release|anycpu
		{8053F269-4152-4DFD-9C4C-608368625293}.Release|anycpu.Build.0 = Release|anycpu
	EndGlobalSection
EndGlobal
